{
  "name": "node-red-contrib-onstar2",
  "version": "0.1.3",
  "lockfileVersion": 2,
  "requires": true,
  "packages": {
    "": {
      "name": "node-red-contrib-onstar2",
      "version": "0.1.3",
      "license": "MIT",
      "dependencies": {
        "onstarjs": "^2.3.2"
      }
     ]
    }
    
  ]
